{
  "name": "babylongame",
  "version": "1.0.0",
  "lockfileVersion": 3,
  "requires": true,
  "packages": {
    "": {
      "name": "babylongame",
      "version": "1.0.0",
      "license": "ISC",
      "dependencies": {
        "@babylonjs/core": "^5.0.0-rc.13",
        "babylonjs": "^7.13.1"
      }
    },
    "node_modules/@babylonjs/core": {
      "version": "5.0.0-rc.13",
      "resolved": "https://registry.npmjs.org/@babylonjs/core/-/core-5.0.0-rc.13.tgz",
      "integrity": "sha512-2Ll3jI0240UiywtDcxoicD8Sy7ShscBL8/v6iIP9ImQiZ7ztxrUaxdqL4o18ZnX3yhQE6PzcmITXbiO71zbwzg==",
      "dependencies": {
        "tslib": "^2.3.1"
      }
    },
    "node_modules/babylonjs": {
      "version": "7.13.1",
      "resolved": "https://registry.npmjs.org/babylonjs/-/babylonjs-7.13.1.tgz",
      "integrity": "sha512-mems0UitZoxVph1Y0jjPD8DYsl9GqOEyIXHkiTvc5ad6IETmw0IbNGfosiZG0wVidCRMDX/VTFxXd0Ry+rDEEw==",
      "hasInstallScript": true
    },
    "node_modules/tslib": {
      "version": "2.6.3",
      "resolved": "https://registry.npmjs.org/tslib/-/tslib-2.6.3.tgz",
      "integrity": "sha512-xNvxJEOUiWPGhUuUdQgAJPKOOJfGnIyKySOc09XkKsgdUV/3E2zvwZYdejjmRgPCgcym1juLH3226yA7sEFJKQ=="
    }
  }
}
